
Microsoft Visual Studio Solution File, Format Version 12.00
# Visual Studio 14
VisualStudioVersion = 14.0.25123.0
MinimumVisualStudioVersion = 10.0.40219.1
Project("{FAE04EC0-301F-11D3-BF4B-00C04F79EFBC}") = "NW.Models", "ClassLibrary1\NW.Models.csproj", "{094D115C-F715-41B3-950F-F74533D4BB5B}"
EndProject
Project("{FAE04EC0-301F-11D3-BF4B-00C04F79EFBC}") = "NW.Data", "NW.Data\NW.Data.csproj", "{142577ED-A218-4A8D-B57E-CC8C6E8C9A41}"
EndProject
Project("{FAE04EC0-301F-11D3-BF4B-00C04F79EFBC}") = "NW.ConsoleApp", "NW.ConsoleApp\NW.ConsoleApp.csproj", "{41D7EA09-C777-4411-AF1A-848C062B6ACA}"
EndProject
Global
	GlobalSection(SolutionConfigurationPlatforms) = preSolution
		Debug|Any CPU = Debug|Any CPU
		Release|Any CPU = Release|Any CPU
	EndGlobalSection
	GlobalSection(ProjectConfigurationPlatforms) = postSolution
		{094D115C-F715-41B3-950F-F74533D4BB5B}.Debug|Any CPU.ActiveCfg = Debug|Any CPU
		{094D115C-F715-41B3-950F-F74533D4BB5B}.Debug|Any CPU.Build.0 = Debug|Any CPU
		{094D115C-F715-41B3-950F-F74533D4BB5B}.Release|Any CPU.ActiveCfg = Release|Any CPU
		{094D115C-F715-41B3-950F-F74533D4BB5B}.Release|Any CPU.Build.0 = Release|Any CPU
		{142577ED-A218-4A8D-B57E-CC8C6E8C9A41}.Debug|Any CPU.ActiveCfg = Debug|Any CPU
		{142577ED-A218-4A8D-B57E-CC8C6E8C9A41}.Debug|Any CPU.Build.0 = Debug|Any CPU
		{142577ED-A218-4A8D-B57E-CC8C6E8C9A41}.Release|Any CPU.ActiveCfg = Release|Any CPU
		{142577ED-A218-4A8D-B57E-CC8C6E8C9A41}.Release|Any CPU.Build.0 = Release|Any CPU
		{41D7EA09-C777-4411-AF1A-848C062B6ACA}.Debug|Any CPU.ActiveCfg = Debug|Any CPU
		{41D7EA09-C777-4411-AF1A-848C062B6ACA}.Debug|Any CPU.Build.0 = Debug|Any CPU
		{41D7EA09-C777-4411-AF1A-848C062B6ACA}.Release|Any CPU.ActiveCfg = Release|Any CPU
		{41D7EA09-C777-4411-AF1A-848C062B6ACA}.Release|Any CPU.Build.0 = Release|Any CPU
	EndGlobalSection
	GlobalSection(SolutionProperties) = preSolution
		HideSolutionNode = FALSE
	EndGlobalSection
EndGlobal
